
Microsoft Visual Studio Solution File, Format Version 12.00
Project("{FAE04EC0-301F-11D3-BF4B-00C04F79EFBC}") = "DSPTranslationPlugin", "DSPTranslationPlugin\DSPTranslationPlugin.csproj", "{31B05D90-5EFD-4902-827A-27CFD10D296D}"
EndProject
Project("{FAE04EC0-301F-11D3-BF4B-00C04F79EFBC}") = "TranslationCommon", "TranslationCommon\TranslationCommon.csproj", "{B89B56B6-D8B9-40E7-8D8B-B2501E138B5E}"
EndProject
Project("{FAE04EC0-301F-11D3-BF4B-00C04F79EFBC}") = "Tests", "Tests\Tests.csproj", "{5025C0ED-5171-45CD-B631-34359778587D}"
EndProject
Global
	GlobalSection(SolutionConfigurationPlatforms) = preSolution
		Debug|Any CPU = Debug|Any CPU
		Release|Any CPU = Release|Any CPU
	EndGlobalSection
	GlobalSection(ProjectConfigurationPlatforms) = postSolution
		{31B05D90-5EFD-4902-827A-27CFD10D296D}.Debug|Any CPU.ActiveCfg = Debug|Any CPU
		{31B05D90-5EFD-4902-827A-27CFD10D296D}.Debug|Any CPU.Build.0 = Debug|Any CPU
		{31B05D90-5EFD-4902-827A-27CFD10D296D}.Release|Any CPU.ActiveCfg = Release|Any CPU
		{31B05D90-5EFD-4902-827A-27CFD10D296D}.Release|Any CPU.Build.0 = Release|Any CPU
		{B89B56B6-D8B9-40E7-8D8B-B2501E138B5E}.Debug|Any CPU.ActiveCfg = Debug|Any CPU
		{B89B56B6-D8B9-40E7-8D8B-B2501E138B5E}.Debug|Any CPU.Build.0 = Debug|Any CPU
		{B89B56B6-D8B9-40E7-8D8B-B2501E138B5E}.Release|Any CPU.ActiveCfg = Release|Any CPU
		{B89B56B6-D8B9-40E7-8D8B-B2501E138B5E}.Release|Any CPU.Build.0 = Release|Any CPU
		{5025C0ED-5171-45CD-B631-34359778587D}.Debug|Any CPU.ActiveCfg = Debug|Any CPU
		{5025C0ED-5171-45CD-B631-34359778587D}.Debug|Any CPU.Build.0 = Debug|Any CPU
		{5025C0ED-5171-45CD-B631-34359778587D}.Release|Any CPU.ActiveCfg = Release|Any CPU
		{5025C0ED-5171-45CD-B631-34359778587D}.Release|Any CPU.Build.0 = Release|Any CPU
	EndGlobalSection
EndGlobal
